//----------------------------------- 사각형의 넓이 구하기 -------------------------------------------------
#include <stdio.h>
#include <stdlib.h>
#include <math.h>

struct Rectangle {
    int x1, y1;
    int x2, y2;
};

int main()
{
    struct Rectangle rect;
    printf("Type first (x,y): ");
    scanf_s("%d%d", &rect.x1, &rect.y1);
    printf("Type second (x,y): ");
    scanf_s("%d%d", &rect.x2, &rect.y2);
    int area;
    int x = rect.x1 - rect.x2;
    int y = rect.y1 - rect.y2;
    area = sqrt(x * x * y * y);

    
    printf("%d\n", area);

    return 0;
}
